
Microsoft Visual Studio Solution File, Format Version 12.00
# Visual Studio 15
Project("{FAE04EC0-301F-11D3-BF4B-00C04F79EFBC}") = "Assembly-CSharp", "Assembly-CSharp.csproj", "{66DF452B-E0C4-B5D7-CE0D-31D841CD8157}"
EndProject
Project("{FAE04EC0-301F-11D3-BF4B-00C04F79EFBC}") = "NavMeshComponents", "NavMeshComponents.csproj", "{DF3CD471-289B-2E1B-89C1-215B07B3D986}"
EndProject
Project("{FAE04EC0-301F-11D3-BF4B-00C04F79EFBC}") = "NavMeshComponentsEditor", "NavMeshComponentsEditor.csproj", "{4473AA9E-8AD1-B09E-28D1-42F08B41B955}"
EndProject
Global
	GlobalSection(SolutionConfigurationPlatforms) = preSolution
		Debug|Any CPU = Debug|Any CPU
		Release|Any CPU = Release|Any CPU
	EndGlobalSection
	GlobalSection(ProjectConfigurationPlatforms) = postSolution
		{66DF452B-E0C4-B5D7-CE0D-31D841CD8157}.Debug|Any CPU.ActiveCfg = Debug|Any CPU
		{66DF452B-E0C4-B5D7-CE0D-31D841CD8157}.Debug|Any CPU.Build.0 = Debug|Any CPU
		{66DF452B-E0C4-B5D7-CE0D-31D841CD8157}.Release|Any CPU.ActiveCfg = Release|Any CPU
		{66DF452B-E0C4-B5D7-CE0D-31D841CD8157}.Release|Any CPU.Build.0 = Release|Any CPU
		{DF3CD471-289B-2E1B-89C1-215B07B3D986}.Debug|Any CPU.ActiveCfg = Debug|Any CPU
		{DF3CD471-289B-2E1B-89C1-215B07B3D986}.Debug|Any CPU.Build.0 = Debug|Any CPU
		{DF3CD471-289B-2E1B-89C1-215B07B3D986}.Release|Any CPU.ActiveCfg = Release|Any CPU
		{DF3CD471-289B-2E1B-89C1-215B07B3D986}.Release|Any CPU.Build.0 = Release|Any CPU
		{4473AA9E-8AD1-B09E-28D1-42F08B41B955}.Debug|Any CPU.ActiveCfg = Debug|Any CPU
		{4473AA9E-8AD1-B09E-28D1-42F08B41B955}.Debug|Any CPU.Build.0 = Debug|Any CPU
		{4473AA9E-8AD1-B09E-28D1-42F08B41B955}.Release|Any CPU.ActiveCfg = Release|Any CPU
		{4473AA9E-8AD1-B09E-28D1-42F08B41B955}.Release|Any CPU.Build.0 = Release|Any CPU
	EndGlobalSection
	GlobalSection(SolutionProperties) = preSolution
		HideSolutionNode = FALSE
	EndGlobalSection
EndGlobal
